
Microsoft Visual Studio Solution File, Format Version 12.00
# Visual Studio Version 16
VisualStudioVersion = 16.0.28803.202
MinimumVisualStudioVersion = 10.0.40219.1
Project("{FAE04EC0-301F-11D3-BF4B-00C04F79EFBC}") = "Proyecto_Restaurante", "Proyecto_Restaurante\Proyecto_Restaurante.csproj", "{3509CA72-3519-40BF-BDFF-AC4187CF1802}"
EndProject
Global
	GlobalSection(SolutionConfigurationPlatforms) = preSolution
		Debug|Any CPU = Debug|Any CPU
		Release|Any CPU = Release|Any CPU
	EndGlobalSection
	GlobalSection(ProjectConfigurationPlatforms) = postSolution
		{3509CA72-3519-40BF-BDFF-AC4187CF1802}.Debug|Any CPU.ActiveCfg = Debug|Any CPU
		{3509CA72-3519-40BF-BDFF-AC4187CF1802}.Debug|Any CPU.Build.0 = Debug|Any CPU
		{3509CA72-3519-40BF-BDFF-AC4187CF1802}.Release|Any CPU.ActiveCfg = Release|Any CPU
		{3509CA72-3519-40BF-BDFF-AC4187CF1802}.Release|Any CPU.Build.0 = Release|Any CPU
	EndGlobalSection
	GlobalSection(SolutionProperties) = preSolution
		HideSolutionNode = FALSE
	EndGlobalSection
	GlobalSection(ExtensibilityGlobals) = postSolution
		SolutionGuid = {0C4463D8-CFB8-459C-B4D9-4D5BC19AE29C}
	EndGlobalSection
EndGlobal
